version = 1
revision = 3
requires-python = ">=3.13"

[[package]]
name = "lbd"
version = "0.0.1"
source = { editable = "." }

[package.dev-dependencies]
dev = [
    { name = "wonderwords" },
]

[package.metadata]

[package.metadata.requires-dev]
dev = [{ name = "wonderwords", specifier = ">=2.2.0" }]

[[package]]
name = "wonderwords"
version = "2.2.0"
source = { registry = "https://pypi.org/simple" }
sdist = { url = "https://files.pythonhosted.org/packages/f3/ed/d5f4336a7b1b416d5c502a6ed323f02acdb5e67467ef8f5e80ea6617fe3e/wonderwords-2.2.0.tar.gz", hash = "sha256:0b7ec6f591062afc55603bfea71463afbab06794b3064d9f7b04d0ce251a13d0", size = 50579, upload-time = "2021-02-17T20:28:45.402Z" }
wheels = [
    { url = "https://files.pythonhosted.org/packages/b4/a4/6a7705c6e17de71e45782a0284e06691f85350adb80b1dea9c027c07f024/wonderwords-2.2.0-py3-none-any.whl", hash = "sha256:65fc665f1f5590e98f6d9259414ea036bf1b6dd83e51aa6ba44473c99ca92da1", size = 44970, upload-time = "2021-02-17T20:28:43.977Z" },
]
